# This file is autogenerated, do not edit; changes may be undone by the next 'dep ensure'.


[[projects]]
  branch = "master"
  digest = "1:b70f6246ed9bd3483d1c841a61c206d4d7d80a9a915375d7a09fdf1b70ebda6d"
  name = "github.com/go-graphite/go-whisper"
  packages = ["."]
  pruneopts = "UT"
  revision = "1ab6a3545b689444a1f5e7bb3033c3268a6096bf"

[[projects]]
  branch = "master"
  digest = "1:29a5ab9fa9e845fd8e8726f31b187d710afd271ef1eb32085fe3d604b7e06382"
  name = "github.com/golang/snappy"
  packages = ["."]
  pruneopts = "UT"
  revision = "553a641470496b2327abcac10b36396bd98e45c9"

[[projects]]
  branch = "master"
  digest = "1:f82bb79567e4ea94a3730b4d6f25e8b0ff2acc1ae024d920d5a3889d41a50ec8"
  name = "github.com/kisielk/og-rek"
  packages = ["."]
  pruneopts = "UT"
  revision = "dd41cde712deb8c2105c111f1e549f1d93095127"

[[projects]]
  digest = "1:361de06aa7ae272616cbe71c3994a654cc6316324e30998e650f7765b20c5b33"
  name = "github.com/pborman/uuid"
  packages = ["."]
  pruneopts = "UT"
  revision = "e790cca94e6cc75c7064b1332e63811d4aae1a53"
  version = "v1.1"

[[projects]]
  branch = "master"
  digest = "1:38cb27d3525635c34e84e2dbc2207c37d10832776997665bf0ddaeae2c861f1f"
  name = "golang.org/x/crypto"
  packages = ["ssh/terminal"]
  pruneopts = "UT"
  revision = "85f98707c97e11569271e4d9b3d397e079c4f4d0"

[[projects]]
  branch = "master"
  digest = "1:9bb501ffdf18a0cc48f2e7f45eeeb27428198bccadb320e4a39fdc2126527efd"
  name = "golang.org/x/sys"
  packages = [
    "unix",
    "windows",
  ]
  pruneopts = "UT"
  revision = "349b81fb5c64ec1734eb6ee148df25459ea48517"

[solve-meta]
  analyzer-name = "dep"
  analyzer-version = 1
  input-imports = [
    "github.com/go-graphite/go-whisper",
    "github.com/golang/snappy",
    "github.com/kisielk/og-rek",
    "github.com/pborman/uuid",
    "golang.org/x/crypto/ssh/terminal",
  ]
  solver-name = "gps-cdcl"
  solver-version = 1
