# This file is autogenerated, do not edit; changes may be undone by the next 'dep ensure'.


[[projects]]
  branch = "master"
  name = "github.com/golang/snappy"
  packages = ["."]
  revision = "553a641470496b2327abcac10b36396bd98e45c9"

[[projects]]
  branch = "master"
  name = "github.com/kisielk/og-rek"
  packages = ["."]
  revision = "dd41cde712deb8c2105c111f1e549f1d93095127"

[[projects]]
  name = "github.com/pborman/uuid"
  packages = ["."]
  revision = "e790cca94e6cc75c7064b1332e63811d4aae1a53"
  version = "v1.1"

[[projects]]
  branch = "master"
  name = "golang.org/x/crypto"
  packages = ["ssh/terminal"]
  revision = "85f98707c97e11569271e4d9b3d397e079c4f4d0"

[[projects]]
  branch = "master"
  name = "golang.org/x/sys"
  packages = [
    "unix",
    "windows"
  ]
  revision = "349b81fb5c64ec1734eb6ee148df25459ea48517"

[solve-meta]
  analyzer-name = "dep"
  analyzer-version = 1
  inputs-digest = "6285e974f4dee4c291ae3601e7b69d9a56b387c1113c521ec254ef0d4b44451c"
  solver-name = "gps-cdcl"
  solver-version = 1
